
Microsoft Visual Studio Solution File, Format Version 12.00
# Visual Studio Version 17
VisualStudioVersion = 17.4.33213.308
MinimumVisualStudioVersion = 10.0.40219.1
Project("{FAE04EC0-301F-11D3-BF4B-00C04F79EFBC}") = "PrimerParcial", "PrimerParcial\PrimerParcial.csproj", "{0BF1496C-0E68-4138-BEDB-99EC1F8BBDB0}"
EndProject
Project("{FAE04EC0-301F-11D3-BF4B-00C04F79EFBC}") = "POO", "POO\POO.csproj", "{041D62EA-C126-4B61-BEEC-6E7FA5B49EFE}"
EndProject
Global
	GlobalSection(SolutionConfigurationPlatforms) = preSolution
		Debug|Any CPU = Debug|Any CPU
		Release|Any CPU = Release|Any CPU
	EndGlobalSection
	GlobalSection(ProjectConfigurationPlatforms) = postSolution
		{0BF1496C-0E68-4138-BEDB-99EC1F8BBDB0}.Debug|Any CPU.ActiveCfg = Debug|Any CPU
		{0BF1496C-0E68-4138-BEDB-99EC1F8BBDB0}.Debug|Any CPU.Build.0 = Debug|Any CPU
		{0BF1496C-0E68-4138-BEDB-99EC1F8BBDB0}.Release|Any CPU.ActiveCfg = Release|Any CPU
		{0BF1496C-0E68-4138-BEDB-99EC1F8BBDB0}.Release|Any CPU.Build.0 = Release|Any CPU
		{041D62EA-C126-4B61-BEEC-6E7FA5B49EFE}.Debug|Any CPU.ActiveCfg = Debug|Any CPU
		{041D62EA-C126-4B61-BEEC-6E7FA5B49EFE}.Debug|Any CPU.Build.0 = Debug|Any CPU
		{041D62EA-C126-4B61-BEEC-6E7FA5B49EFE}.Release|Any CPU.ActiveCfg = Release|Any CPU
		{041D62EA-C126-4B61-BEEC-6E7FA5B49EFE}.Release|Any CPU.Build.0 = Release|Any CPU
	EndGlobalSection
	GlobalSection(SolutionProperties) = preSolution
		HideSolutionNode = FALSE
	EndGlobalSection
	GlobalSection(ExtensibilityGlobals) = postSolution
		SolutionGuid = {543B494A-CC9A-4FAD-BE82-634FFD0DCC90}
	EndGlobalSection
EndGlobal
